# THIS IS AN AUTOGENERATED FILE. DO NOT EDIT THIS FILE DIRECTLY.
# yarn lockfile v1


denque@^1.2.3:
  version "1.5.1"
  resolved "https://registry.yarnpkg.com/denque/-/denque-1.5.1.tgz#07f670e29c9a78f8faecb2566a1e2c11929c5cbf"
  integrity sha512-XwE+iZ4D6ZUB7mfYRMb5wByE8L74HCn30FBN7sWnXksWc1LO1bPDl67pBR9o/kC4z/xSNAwkMYcGgqDV3BE3Hw==

nact@^7.6.0:
  version "7.6.2"
  resolved "https://registry.yarnpkg.com/nact/-/nact-7.6.2.tgz#e4c044457a5d7ac7d7485c571e5209fafe83ab33"
  integrity sha512-rEAwMbuv/rIaa+DLoPfZE/5CjnlVabS9bwSY/UpFSp0OfcOS5hRpe9F3KmS1U26G0TgrkFb+66BbVhsnEF0rwA==
  dependencies:
    denque "^1.2.3"

rescript@11.0.0-rc.6:
  version "11.0.0-rc.6"
  resolved "https://registry.yarnpkg.com/rescript/-/rescript-11.0.0-rc.6.tgz#07ee555f6c6944a8d4c7186d1a848be471273f56"
  integrity sha512-2nqdpQxLgQGNp0Rb8AFn5cM3kwRTd54zLvchqCsK3iLOe1CJwdVW5nEF7lsJbFTqihl8W6Va1y7SbFxY3FNxOQ==
